
Microsoft Visual Studio Solution File, Format Version 12.00
# Visual Studio Version 17
VisualStudioVersion = 17.5.33530.505
MinimumVisualStudioVersion = 10.0.40219.1
Project("{FAE04EC0-301F-11D3-BF4B-00C04F79EFBC}") = "TestTaskConsoleApp", "TestTaskConsoleApp\TestTaskConsoleApp.csproj", "{6502D52A-7858-49EC-A188-3A8FE34B2B70}"
EndProject
Project("{FAE04EC0-301F-11D3-BF4B-00C04F79EFBC}") = "TestTask.Context", "TestTask.Context\TestTask.Context.csproj", "{2999B09A-D8FC-4638-8C1C-B96FD99AB72F}"
EndProject
Global
	GlobalSection(SolutionConfigurationPlatforms) = preSolution
		Debug|Any CPU = Debug|Any CPU
		Release|Any CPU = Release|Any CPU
	EndGlobalSection
	GlobalSection(ProjectConfigurationPlatforms) = postSolution
		{6502D52A-7858-49EC-A188-3A8FE34B2B70}.Debug|Any CPU.ActiveCfg = Debug|Any CPU
		{6502D52A-7858-49EC-A188-3A8FE34B2B70}.Debug|Any CPU.Build.0 = Debug|Any CPU
		{6502D52A-7858-49EC-A188-3A8FE34B2B70}.Release|Any CPU.ActiveCfg = Release|Any CPU
		{6502D52A-7858-49EC-A188-3A8FE34B2B70}.Release|Any CPU.Build.0 = Release|Any CPU
		{2999B09A-D8FC-4638-8C1C-B96FD99AB72F}.Debug|Any CPU.ActiveCfg = Debug|Any CPU
		{2999B09A-D8FC-4638-8C1C-B96FD99AB72F}.Debug|Any CPU.Build.0 = Debug|Any CPU
		{2999B09A-D8FC-4638-8C1C-B96FD99AB72F}.Release|Any CPU.ActiveCfg = Release|Any CPU
		{2999B09A-D8FC-4638-8C1C-B96FD99AB72F}.Release|Any CPU.Build.0 = Release|Any CPU
	EndGlobalSection
	GlobalSection(SolutionProperties) = preSolution
		HideSolutionNode = FALSE
	EndGlobalSection
	GlobalSection(ExtensibilityGlobals) = postSolution
		SolutionGuid = {D782AF83-A646-456E-BC09-718FC805F0C6}
	EndGlobalSection
EndGlobal
